// !$*UTF8*$!
{
	archiveVersion = 1;
	classes = {
	};
	objectVersion = 55;
	objects = {

/* Begin PBXBuildFile section */
		56FF25D82792F16E006299A4 /* ChrisCardApp.swift in Sources */ = {isa = PBXBuildFile; fileRef = 56FF25D72792F16E006299A4 /* ChrisCardApp.swift */; };
		56FF25DA2792F16E006299A4 /* ContentView.swift in Sources */ = {isa = PBXBuildFile; fileRef = 56FF25D92792F16E006299A4 /* ContentView.swift */; };
		56FF25DC2792F170006299A4 /* Assets.xcassets in Resources */ = {isa = PBXBuildFile; fileRef = 56FF25DB2792F170006299A4 /* Assets.xcassets */; };
		56FF25DF2792F170006299A4 /* Preview Assets.xcassets in Resources */ = {isa = PBXBuildFile; fileRef = 56FF25DE2792F170006299A4 /* Preview Assets.xcassets */; };
		56FF25E92792F170006299A4 /* ChrisCardTests.swift in Sources */ = {isa = PBXBuildFile; fileRef = 56FF25E82792F170006299A4 /* ChrisCardTests.swift */; };
		56FF25F32792F170006299A4 /* ChrisCardUITests.swift in Sources */ = {isa = PBXBuildFile; fileRef = 56FF25F22792F170006299A4 /* ChrisCardUITests.swift */; };
		56FF25F52792F170006299A4 /* ChrisCardUITestsLaunchTests.swift in Sources */ = {isa = PBXBuildFile; fileRef = 56FF25F42792F170006299A4 /* ChrisCardUITestsLaunchTests.swift */; };
/* End PBXBuildFile section */

/* Begin PBXContainerItemProxy section */
		56FF25E52792F170006299A4 /* PBXContainerItemProxy */ = {
			isa = PBXContainerItemProxy;
			containerPortal = 56FF25CC2792F16D006299A4 /* Project object */;
			proxyType = 1;
			remoteGlobalIDString = 56FF25D32792F16E006299A4;
			remoteInfo = ChrisCard;
		};
		56FF25EF2792F170006299A4 /* PBXContainerItemProxy */ = {
			isa = PBXContainerItemProxy;
			containerPortal = 56FF25CC2792F16D006299A4 /* Project object */;
			proxyType = 1;
			remoteGlobalIDString = 56FF25D32792F16E006299A4;
			remoteInfo = ChrisCard;
		};
/* End PBXContainerItemProxy section */

/* Begin PBXFileReference section */
		56FF25D42792F16E006299A4 /* ChrisCard.app */ = {isa = PBXFileReference; explicitFileType = wrapper.application; includeInIndex = 0; path = ChrisCard.app; sourceTree = BUILT_PRODUCTS_DIR; };
		56FF25D72792F16E006299A4 /* ChrisCardApp.swift */ = {isa = PBXFileReference; lastKnownFileType = sourcecode.swift; path = ChrisCardApp.swift; sourceTree = "<group>"; };
		56FF25D92792F16E006299A4 /* ContentView.swift */ = {isa = PBXFileReference; lastKnownFileType = sourcecode.swift; path = ContentView.swift; sourceTree = "<group>"; };
		56FF25DB2792F170006299A4 /* Assets.xcassets */ = {isa = PBXFileReference; lastKnownFileType = folder.assetcatalog; path = Assets.xcassets; sourceTree = "<group>"; };
		56FF25DE2792F170006299A4 /* Preview Assets.xcassets */ = {isa = PBXFileReference; lastKnownFileType = folder.assetcatalog; path = "Preview Assets.xcassets"; sourceTree = "<group>"; };
		56FF25E42792F170006299A4 /* ChrisCardTests.xctest */ = {isa = PBXFileReference; explicitFileType = wrapper.cfbundle; includeInIndex = 0; path = ChrisCardTests.xctest; sourceTree = BUILT_PRODUCTS_DIR; };
		56FF25E82792F170006299A4 /* ChrisCardTests.swift */ = {isa = PBXFileReference; lastKnownFileType = sourcecode.swift; path = ChrisCardTests.swift; sourceTree = "<group>"; };
		56FF25EE2792F170006299A4 /* ChrisCardUITests.xctest */ = {isa = PBXFileReference; explicitFileType = wrapper.cfbundle; includeInIndex = 0; path = ChrisCardUITests.xctest; sourceTree = BUILT_PRODUCTS_DIR; };
		56FF25F22792F170006299A4 /* ChrisCardUITests.swift */ = {isa = PBXFileReference; lastKnownFileType = sourcecode.swift; path = ChrisCardUITests.swift; sourceTree = "<group>"; };
		56FF25F42792F170006299A4 /* ChrisCardUITestsLaunchTests.swift */ = {isa = PBXFileReference; lastKnownFileType = sourcecode.swift; path = ChrisCardUITestsLaunchTests.swift; sourceTree = "<group>"; };
/* End PBXFileReference section */

/* Begin PBXFrameworksBuildPhase section */
		56FF25D12792F16E006299A4 /* Frameworks */ = {
			isa = PBXFrameworksBuildPhase;
			buildActionMask = 2147483647;
			files = (
			);
			runOnlyForDeploymentPostprocessing = 0;
		};
		56FF25E12792F170006299A4 /* Frameworks */ = {
			isa = PBXFrameworksBuildPhase;
			buildActionMask = 2147483647;
			files = (
			);
			runOnlyForDeploymentPostprocessing = 0;
		};
		56FF25EB2792F170006299A4 /* Frameworks */ = {
			isa = PBXFrameworksBuildPhase;
			buildActionMask = 2147483647;
			files = (
			);
			runOnlyForDeploymentPostprocessing = 0;
		};
/* End PBXFrameworksBuildPhase section */

/* Begin PBXGroup section */
		56FF25CB2792F16D006299A4 = {
			isa = PBXGroup;
			children = (
				56FF25D62792F16E006299A4 /* ChrisCard */,
				56FF25E72792F170006299A4 /* ChrisCardTests */,
				56FF25F12792F170006299A4 /* ChrisCardUITests */,
				56FF25D52792F16E006299A4 /* Products */,
			);
			sourceTree = "<group>";
		};
		56FF25D52792F16E006299A4 /* Products */ = {
			isa = PBXGroup;
			children = (
				56FF25D42792F16E006299A4 /* ChrisCard.app */,
				56FF25E42792F170006299A4 /* ChrisCardTests.xctest */,
				56FF25EE2792F170006299A4 /* ChrisCardUITests.xctest */,
			);
			name = Products;
			sourceTree = "<group>";
		};
		56FF25D62792F16E006299A4 /* ChrisCard */ = {
			isa = PBXGroup;
			children = (
				56FF25D72792F16E006299A4 /* ChrisCardApp.swift */,
				56FF25D92792F16E006299A4 /* ContentView.swift */,
				56FF25DB2792F170006299A4 /* Assets.xcassets */,
				56FF25DD2792F170006299A4 /* Preview Content */,
			);
			path = ChrisCard;
			sourceTree = "<group>";
		};
		56FF25DD2792F170006299A4 /* Preview Content */ = {
			isa = PBXGroup;
			children = (
				56FF25DE2792F170006299A4 /* Preview Assets.xcassets */,
			);
			path = "Preview Content";
			sourceTree = "<group>";
		};
		56FF25E72792F170006299A4 /* ChrisCardTests */ = {
			isa = PBXGroup;
			children = (
				56FF25E82792F170006299A4 /* ChrisCardTests.swift */,
			);
			path = ChrisCardTests;
			sourceTree = "<group>";
		};
		56FF25F12792F170006299A4 /* ChrisCardUITests */ = {
			isa = PBXGroup;
			children = (
				56FF25F22792F170006299A4 /* ChrisCardUITests.swift */,
				56FF25F42792F170006299A4 /* ChrisCardUITestsLaunchTests.swift */,
			);
			path = ChrisCardUITests;
			sourceTree = "<group>";
		};
/* End PBXGroup section */

/* Begin PBXNativeTarget section */
		56FF25D32792F16E006299A4 /* ChrisCard */ = {
			isa = PBXNativeTarget;
			buildConfigurationList = 56FF25F82792F170006299A4 /* Build configuration list for PBXNativeTarget "ChrisCard" */;
			buildPhases = (
				56FF25D02792F16E006299A4 /* Sources */,
				56FF25D12792F16E006299A4 /* Frameworks */,
				56FF25D22792F16E006299A4 /* Resources */,
			);
			buildRules = (
			);
			dependencies = (
			);
			name = ChrisCard;
			productName = ChrisCard;
			productReference = 56FF25D42792F16E006299A4 /* ChrisCard.app */;
			productType = "com.apple.product-type.application";
		};
		56FF25E32792F170006299A4 /* ChrisCardTests */ = {
			isa = PBXNativeTarget;
			buildConfigurationList = 56FF25FB2792F170006299A4 /* Build configuration list for PBXNativeTarget "ChrisCardTests" */;
			buildPhases = (
				56FF25E02792F170006299A4 /* Sources */,
				56FF25E12792F170006299A4 /* Frameworks */,
				56FF25E22792F170006299A4 /* Resources */,
			);
			buildRules = (
			);
			dependencies = (
				56FF25E62792F170006299A4 /* PBXTargetDependency */,
			);
			name = ChrisCardTests;
			productName = ChrisCardTests;
			productReference = 56FF25E42792F170006299A4 /* ChrisCardTests.xctest */;
			productType = "com.apple.product-type.bundle.unit-test";
		};
		56FF25ED2792F170006299A4 /* ChrisCardUITests */ = {
			isa = PBXNativeTarget;
			buildConfigurationList = 56FF25FE2792F170006299A4 /* Build configuration list for PBXNativeTarget "ChrisCardUITests" */;
			buildPhases = (
				56FF25EA2792F170006299A4 /* Sources */,
				56FF25EB2792F170006299A4 /* Frameworks */,
				56FF25EC2792F170006299A4 /* Resources */,
			);
			buildRules = (
			);
			dependencies = (
				56FF25F02792F170006299A4 /* PBXTargetDependency */,
			);
			name = ChrisCardUITests;
			productName = ChrisCardUITests;
			productReference = 56FF25EE2792F170006299A4 /* ChrisCardUITests.xctest */;
			productType = "com.apple.product-type.bundle.ui-testing";
		};
/* End PBXNativeTarget section */

/* Begin PBXProject section */
		56FF25CC2792F16D006299A4 /* Project object */ = {
			isa = PBXProject;
			attributes = {
				BuildIndependentTargetsInParallel = 1;
				LastSwiftUpdateCheck = 1300;
				LastUpgradeCheck = 1300;
				TargetAttributes = {
					56FF25D32792F16E006299A4 = {
						CreatedOnToolsVersion = 13.0;
					};
					56FF25E32792F170006299A4 = {
						CreatedOnToolsVersion = 13.0;
						TestTargetID = 56FF25D32792F16E006299A4;
					};
					56FF25ED2792F170006299A4 = {
						CreatedOnToolsVersion = 13.0;
						TestTargetID = 56FF25D32792F16E006299A4;
					};
				};
			};
			buildConfigurationList = 56FF25CF2792F16D006299A4 /* Build configuration list for PBXProject "ChrisCard" */;
			compatibilityVersion = "Xcode 13.0";
			developmentRegion = en;
			hasScannedForEncodings = 0;
			knownRegions = (
				en,
				Base,
			);
			mainGroup = 56FF25CB2792F16D006299A4;
			productRefGroup = 56FF25D52792F16E006299A4 /* Products */;
			projectDirPath = "";
			projectRoot = "";
			targets = (
				56FF25D32792F16E006299A4 /* ChrisCard */,
				56FF25E32792F170006299A4 /* ChrisCardTests */,
				56FF25ED2792F170006299A4 /* ChrisCardUITests */,
			);
		};
/* End PBXProject section */

/* Begin PBXResourcesBuildPhase section */
		56FF25D22792F16E006299A4 /* Resources */ = {
			isa = PBXResourcesBuildPhase;
			buildActionMask = 2147483647;
			files = (
				56FF25DF2792F170006299A4 /* Preview Assets.xcassets in Resources */,
				56FF25DC2792F170006299A4 /* Assets.xcassets in Resources */,
			);
			runOnlyForDeploymentPostprocessing = 0;
		};
		56FF25E22792F170006299A4 /* Resources */ = {
			isa = PBXResourcesBuildPhase;
			buildActionMask = 2147483647;
			files = (
			);
			runOnlyForDeploymentPostprocessing = 0;
		};
		56FF25EC2792F170006299A4 /* Resources */ = {
			isa = PBXResourcesBuildPhase;
			buildActionMask = 2147483647;
			files = (
			);
			runOnlyForDeploymentPostprocessing = 0;
		};
/* End PBXResourcesBuildPhase section */

/* Begin PBXSourcesBuildPhase section */
		56FF25D02792F16E006299A4 /* Sources */ = {
			isa = PBXSourcesBuildPhase;
			buildActionMask = 2147483647;
			files = (
				56FF25DA2792F16E006299A4 /* ContentView.swift in Sources */,
				56FF25D82792F16E006299A4 /* ChrisCardApp.swift in Sources */,
			);
			runOnlyForDeploymentPostprocessing = 0;
		};
		56FF25E02792F170006299A4 /* Sources */ = {
			isa = PBXSourcesBuildPhase;
			buildActionMask = 2147483647;
			files = (
				56FF25E92792F170006299A4 /* ChrisCardTests.swift in Sources */,
			);
			runOnlyForDeploymentPostprocessing = 0;
		};
		56FF25EA2792F170006299A4 /* Sources */ = {
			isa = PBXSourcesBuildPhase;
			buildActionMask = 2147483647;
			files = (
				56FF25F52792F170006299A4 /* ChrisCardUITestsLaunchTests.swift in Sources */,
				56FF25F32792F170006299A4 /* ChrisCardUITests.swift in Sources */,
			);
			runOnlyForDeploymentPostprocessing = 0;
		};
/* End PBXSourcesBuildPhase section */

/* Begin PBXTargetDependency section */
		56FF25E62792F170006299A4 /* PBXTargetDependency */ = {
			isa = PBXTargetDependency;
			target = 56FF25D32792F16E006299A4 /* ChrisCard */;
			targetProxy = 56FF25E52792F170006299A4 /* PBXContainerItemProxy */;
		};
		56FF25F02792F170006299A4 /* PBXTargetDependency */ = {
			isa = PBXTargetDependency;
			target = 56FF25D32792F16E006299A4 /* ChrisCard */;
			targetProxy = 56FF25EF2792F170006299A4 /* PBXContainerItemProxy */;
		};
/* End PBXTargetDependency section */

/* Begin XCBuildConfiguration section */
		56FF25F62792F170006299A4 /* Debug */ = {
			isa = XCBuildConfiguration;
			buildSettings = {
				ALWAYS_SEARCH_USER_PATHS = NO;
				CLANG_ANALYZER_NONNULL = YES;
				CLANG_ANALYZER_NUMBER_OBJECT_CONVERSION = YES_AGGRESSIVE;
				CLANG_CXX_LANGUAGE_STANDARD = "gnu++17";
				CLANG_CXX_LIBRARY = "libc++";
				CLANG_ENABLE_MODULES = YES;
				CLANG_ENABLE_OBJC_ARC = YES;
				CLANG_ENABLE_OBJC_WEAK = YES;
				CLANG_WARN_BLOCK_CAPTURE_AUTORELEASING = YES;
				CLANG_WARN_BOOL_CONVERSION = YES;
				CLANG_WARN_COMMA = YES;
				CLANG_WARN_CONSTANT_CONVERSION = YES;
				CLANG_WARN_DEPRECATED_OBJC_IMPLEMENTATIONS = YES;
				CLANG_WARN_DIRECT_OBJC_ISA_USAGE = YES_ERROR;
				CLANG_WARN_DOCUMENTATION_COMMENTS = YES;
				CLANG_WARN_EMPTY_BODY = YES;
				CLANG_WARN_ENUM_CONVERSION = YES;
				CLANG_WARN_INFINITE_RECURSION = YES;
				CLANG_WARN_INT_CONVERSION = YES;
				CLANG_WARN_NON_LITERAL_NULL_CONVERSION = YES;
				CLANG_WARN_OBJC_IMPLICIT_RETAIN_SELF = YES;
				CLANG_WARN_OBJC_LITERAL_CONVERSION = YES;
				CLANG_WARN_OBJC_ROOT_CLASS = YES_ERROR;
				CLANG_WARN_QUOTED_INCLUDE_IN_FRAMEWORK_HEADER = YES;
				CLANG_WARN_RANGE_LOOP_ANALYSIS = YES;
				CLANG_WARN_STRICT_PROTOTYPES = YES;
				CLANG_WARN_SUSPICIOUS_MOVE = YES;
				CLANG_WARN_UNGUARDED_AVAILABILITY = YES_AGGRESSIVE;
				CLANG_WARN_UNREACHABLE_CODE = YES;
				CLANG_WARN__DUPLICATE_METHOD_MATCH = YES;
				COPY_PHASE_STRIP = NO;
				DEBUG_INFORMATION_FORMAT = dwarf;
				ENABLE_STRICT_OBJC_MSGSEND = YES;
				ENABLE_TESTABILITY = YES;
				GCC_C_LANGUAGE_STANDARD = gnu11;
				GCC_DYNAMIC_NO_PIC = NO;
				GCC_NO_COMMON_BLOCKS = YES;
				GCC_OPTIMIZATION_LEVEL = 0;
				GCC_PREPROCESSOR_DEFINITIONS = (
					"DEBUG=1",
					"$(inherited)",
				);
				GCC_WARN_64_TO_32_BIT_CONVERSION = YES;
				GCC_WARN_ABOUT_RETURN_TYPE = YES_ERROR;
				GCC_WARN_UNDECLARED_SELECTOR = YES;
				GCC_WARN_UNINITIALIZED_AUTOS = YES_AGGRESSIVE;
				GCC_WARN_UNUSED_FUNCTION = YES;
				GCC_WARN_UNUSED_VARIABLE = YES;
				IPHONEOS_DEPLOYMENT_TARGET = 15.0;
				MTL_ENABLE_DEBUG_INFO = INCLUDE_SOURCE;
				MTL_FAST_MATH = YES;
				ONLY_ACTIVE_ARCH = YES;
				SDKROOT = iphoneos;
				SWIFT_ACTIVE_COMPILATION_CONDITIONS = DEBUG;
				SWIFT_OPTIMIZATION_LEVEL = "-Onone";
			};
			name = Debug;
		};
		56FF25F72792F170006299A4 /* Release */ = {
			isa = XCBuildConfiguration;
			buildSettings = {
				ALWAYS_SEARCH_USER_PATHS = NO;
				CLANG_ANALYZER_NONNULL = YES;
				CLANG_ANALYZER_NUMBER_OBJECT_CONVERSION = YES_AGGRESSIVE;
				CLANG_CXX_LANGUAGE_STANDARD = "gnu++17";
				CLANG_CXX_LIBRARY = "libc++";
				CLANG_ENABLE_MODULES = YES;
				CLANG_ENABLE_OBJC_ARC = YES;
				CLANG_ENABLE_OBJC_WEAK = YES;
				CLANG_WARN_BLOCK_CAPTURE_AUTORELEASING = YES;
				CLANG_WARN_BOOL_CONVERSION = YES;
				CLANG_WARN_COMMA = YES;
				CLANG_WARN_CONSTANT_CONVERSION = YES;
				CLANG_WARN_DEPRECATED_OBJC_IMPLEMENTATIONS = YES;
				CLANG_WARN_DIRECT_OBJC_ISA_USAGE = YES_ERROR;
				CLANG_WARN_DOCUMENTATION_COMMENTS = YES;
				CLANG_WARN_EMPTY_BODY = YES;
				CLANG_WARN_ENUM_CONVERSION = YES;
				CLANG_WARN_INFINITE_RECURSION = YES;
				CLANG_WARN_INT_CONVERSION = YES;
				CLANG_WARN_NON_LITERAL_NULL_CONVERSION = YES;
				CLANG_WARN_OBJC_IMPLICIT_RETAIN_SELF = YES;
				CLANG_WARN_OBJC_LITERAL_CONVERSION = YES;
				CLANG_WARN_OBJC_ROOT_CLASS = YES_ERROR;
				CLANG_WARN_QUOTED_INCLUDE_IN_FRAMEWORK_HEADER = YES;
				CLANG_WARN_RANGE_LOOP_ANALYSIS = YES;
				CLANG_WARN_STRICT_PROTOTYPES = YES;
				CLANG_WARN_SUSPICIOUS_MOVE = YES;
				CLANG_WARN_UNGUARDED_AVAILABILITY = YES_AGGRESSIVE;
				CLANG_WARN_UNREACHABLE_CODE = YES;
				CLANG_WARN__DUPLICATE_METHOD_MATCH = YES;
				COPY_PHASE_STRIP = NO;
				DEBUG_INFORMATION_FORMAT = "dwarf-with-dsym";
				ENABLE_NS_ASSERTIONS = NO;
				ENABLE_STRICT_OBJC_MSGSEND = YES;
				GCC_C_LANGUAGE_STANDARD = gnu11;
				GCC_NO_COMMON_BLOCKS = YES;
				GCC_WARN_64_TO_32_BIT_CONVERSION = YES;
				GCC_WARN_ABOUT_RETURN_TYPE = YES_ERROR;
				GCC_WARN_UNDECLARED_SELECTOR = YES;
				GCC_WARN_UNINITIALIZED_AUTOS = YES_AGGRESSIVE;
				GCC_WARN_UNUSED_FUNCTION = YES;
				GCC_WARN_UNUSED_VARIABLE = YES;
				IPHONEOS_DEPLOYMENT_TARGET = 15.0;
				MTL_ENABLE_DEBUG_INFO = NO;
				MTL_FAST_MATH = YES;
				SDKROOT = iphoneos;
				SWIFT_COMPILATION_MODE = wholemodule;
				SWIFT_OPTIMIZATION_LEVEL = "-O";
				VALIDATE_PRODUCT = YES;
			};
			name = Release;
		};
		56FF25F92792F170006299A4 /* Debug */ = {
			isa = XCBuildConfiguration;
			buildSettings = {
				ASSETCATALOG_COMPILER_APPICON_NAME = AppIcon;
				ASSETCATALOG_COMPILER_GLOBAL_ACCENT_COLOR_NAME = AccentColor;
				CODE_SIGN_STYLE = Automatic;
				CURRENT_PROJECT_VERSION = 1;
				DEVELOPMENT_ASSET_PATHS = "\"ChrisCard/Preview Content\"";
				DEVELOPMENT_TEAM = V4UQ45XQ2L;
				ENABLE_PREVIEWS = YES;
				GENERATE_INFOPLIST_FILE = YES;
				INFOPLIST_KEY_UIApplicationSceneManifest_Generation = YES;
				INFOPLIST_KEY_UIApplicationSupportsIndirectInputEvents = YES;
				INFOPLIST_KEY_UILaunchScreen_Generation = YES;
				INFOPLIST_KEY_UISupportedInterfaceOrientations_iPad = "UIInterfaceOrientationPortrait UIInterfaceOrientationPortraitUpsideDown UIInterfaceOrientationLandscapeLeft UIInterfaceOrientationLandscapeRight";
				INFOPLIST_KEY_UISupportedInterfaceOrientations_iPhone = "UIInterfaceOrientationPortrait UIInterfaceOrientationLandscapeLeft UIInterfaceOrientationLandscapeRight";
				IPHONEOS_DEPLOYMENT_TARGET = 14.0;
				LD_RUNPATH_SEARCH_PATHS = (
					"$(inherited)",
					"@executable_path/Frameworks",
				);
				MARKETING_VERSION = 1.0;
				PRODUCT_BUNDLE_IDENTIFIER = com.ChrisBuys.ChrisCard;
				PRODUCT_NAME = "$(TARGET_NAME)";
				SWIFT_EMIT_LOC_STRINGS = YES;
				SWIFT_VERSION = 5.0;
				TARGETED_DEVICE_FAMILY = "1,2";
			};
			name = Debug;
		};
		56FF25FA2792F170006299A4 /* Release */ = {
			isa = XCBuildConfiguration;
			buildSettings = {
				ASSETCATALOG_COMPILER_APPICON_NAME = AppIcon;
				ASSETCATALOG_COMPILER_GLOBAL_ACCENT_COLOR_NAME = AccentColor;
				CODE_SIGN_STYLE = Automatic;
				CURRENT_PROJECT_VERSION = 1;
				DEVELOPMENT_ASSET_PATHS = "\"ChrisCard/Preview Content\"";
				DEVELOPMENT_TEAM = V4UQ45XQ2L;
				ENABLE_PREVIEWS = YES;
				GENERATE_INFOPLIST_FILE = YES;
				INFOPLIST_KEY_UIApplicationSceneManifest_Generation = YES;
				INFOPLIST_KEY_UIApplicationSupportsIndirectInputEvents = YES;
				INFOPLIST_KEY_UILaunchScreen_Generation = YES;
				INFOPLIST_KEY_UISupportedInterfaceOrientations_iPad = "UIInterfaceOrientationPortrait UIInterfaceOrientationPortraitUpsideDown UIInterfaceOrientationLandscapeLeft UIInterfaceOrientationLandscapeRight";
				INFOPLIST_KEY_UISupportedInterfaceOrientations_iPhone = "UIInterfaceOrientationPortrait UIInterfaceOrientationLandscapeLeft UIInterfaceOrientationLandscapeRight";
				IPHONEOS_DEPLOYMENT_TARGET = 14.0;
				LD_RUNPATH_SEARCH_PATHS = (
					"$(inherited)",
					"@executable_path/Frameworks",
				);
				MARKETING_VERSION = 1.0;
				PRODUCT_BUNDLE_IDENTIFIER = com.ChrisBuys.ChrisCard;
				PRODUCT_NAME = "$(TARGET_NAME)";
				SWIFT_EMIT_LOC_STRINGS = YES;
				SWIFT_VERSION = 5.0;
				TARGETED_DEVICE_FAMILY = "1,2";
			};
			name = Release;
		};
		56FF25FC2792F170006299A4 /* Debug */ = {
			isa = XCBuildConfiguration;
			buildSettings = {
				ALWAYS_EMBED_SWIFT_STANDARD_LIBRARIES = YES;
				BUNDLE_LOADER = "$(TEST_HOST)";
				CODE_SIGN_STYLE = Automatic;
				CURRENT_PROJECT_VERSION = 1;
				DEVELOPMENT_TEAM = V4UQ45XQ2L;
				GENERATE_INFOPLIST_FILE = YES;
				IPHONEOS_DEPLOYMENT_TARGET = 14.0;
				LD_RUNPATH_SEARCH_PATHS = (
					"$(inherited)",
					"@executable_path/Frameworks",
					"@loader_path/Frameworks",
				);
				MARKETING_VERSION = 1.0;
				PRODUCT_BUNDLE_IDENTIFIER = com.ChrisBuys.ChrisCardTests;
				PRODUCT_NAME = "$(TARGET_NAME)";
				SWIFT_EMIT_LOC_STRINGS = NO;
				SWIFT_VERSION = 5.0;
				TARGETED_DEVICE_FAMILY = "1,2";
				TEST_HOST = "$(BUILT_PRODUCTS_DIR)/ChrisCard.app/ChrisCard";
			};
			name = Debug;
		};
		56FF25FD2792F170006299A4 /* Release */ = {
			isa = XCBuildConfiguration;
			buildSettings = {
				ALWAYS_EMBED_SWIFT_STANDARD_LIBRARIES = YES;
				BUNDLE_LOADER = "$(TEST_HOST)";
				CODE_SIGN_STYLE = Automatic;
				CURRENT_PROJECT_VERSION = 1;
				DEVELOPMENT_TEAM = V4UQ45XQ2L;
				GENERATE_INFOPLIST_FILE = YES;
				IPHONEOS_DEPLOYMENT_TARGET = 14.0;
				LD_RUNPATH_SEARCH_PATHS = (
					"$(inherited)",
					"@executable_path/Frameworks",
					"@loader_path/Frameworks",
				);
				MARKETING_VERSION = 1.0;
				PRODUCT_BUNDLE_IDENTIFIER = com.ChrisBuys.ChrisCardTests;
				PRODUCT_NAME = "$(TARGET_NAME)";
				SWIFT_EMIT_LOC_STRINGS = NO;
				SWIFT_VERSION = 5.0;
				TARGETED_DEVICE_FAMILY = "1,2";
				TEST_HOST = "$(BUILT_PRODUCTS_DIR)/ChrisCard.app/ChrisCard";
			};
			name = Release;
		};
		56FF25FF2792F170006299A4 /* Debug */ = {
			isa = XCBuildConfiguration;
			buildSettings = {
				ALWAYS_EMBED_SWIFT_STANDARD_LIBRARIES = YES;
				CODE_SIGN_STYLE = Automatic;
				CURRENT_PROJECT_VERSION = 1;
				DEVELOPMENT_TEAM = V4UQ45XQ2L;
				GENERATE_INFOPLIST_FILE = YES;
				LD_RUNPATH_SEARCH_PATHS = (
					"$(inherited)",
					"@executable_path/Frameworks",
					"@loader_path/Frameworks",
				);
				MARKETING_VERSION = 1.0;
				PRODUCT_BUNDLE_IDENTIFIER = com.ChrisBuys.ChrisCardUITests;
				PRODUCT_NAME = "$(TARGET_NAME)";
				SWIFT_EMIT_LOC_STRINGS = NO;
				SWIFT_VERSION = 5.0;
				TARGETED_DEVICE_FAMILY = "1,2";
				TEST_TARGET_NAME = ChrisCard;
			};
			name = Debug;
		};
		56FF26002792F170006299A4 /* Release */ = {
			isa = XCBuildConfiguration;
			buildSettings = {
				ALWAYS_EMBED_SWIFT_STANDARD_LIBRARIES = YES;
				CODE_SIGN_STYLE = Automatic;
				CURRENT_PROJECT_VERSION = 1;
				DEVELOPMENT_TEAM = V4UQ45XQ2L;
				GENERATE_INFOPLIST_FILE = YES;
				LD_RUNPATH_SEARCH_PATHS = (
					"$(inherited)",
					"@executable_path/Frameworks",
					"@loader_path/Frameworks",
				);
				MARKETING_VERSION = 1.0;
				PRODUCT_BUNDLE_IDENTIFIER = com.ChrisBuys.ChrisCardUITests;
				PRODUCT_NAME = "$(TARGET_NAME)";
				SWIFT_EMIT_LOC_STRINGS = NO;
				SWIFT_VERSION = 5.0;
				TARGETED_DEVICE_FAMILY = "1,2";
				TEST_TARGET_NAME = ChrisCard;
			};
			name = Release;
		};
/* End XCBuildConfiguration section */

/* Begin XCConfigurationList section */
		56FF25CF2792F16D006299A4 /* Build configuration list for PBXProject "ChrisCard" */ = {
			isa = XCConfigurationList;
			buildConfigurations = (
				56FF25F62792F170006299A4 /* Debug */,
				56FF25F72792F170006299A4 /* Release */,
			);
			defaultConfigurationIsVisible = 0;
			defaultConfigurationName = Release;
		};
		56FF25F82792F170006299A4 /* Build configuration list for PBXNativeTarget "ChrisCard" */ = {
			isa = XCConfigurationList;
			buildConfigurations = (
				56FF25F92792F170006299A4 /* Debug */,
				56FF25FA2792F170006299A4 /* Release */,
			);
			defaultConfigurationIsVisible = 0;
			defaultConfigurationName = Release;
		};
		56FF25FB2792F170006299A4 /* Build configuration list for PBXNativeTarget "ChrisCardTests" */ = {
			isa = XCConfigurationList;
			buildConfigurations = (
				56FF25FC2792F170006299A4 /* Debug */,
				56FF25FD2792F170006299A4 /* Release */,
			);
			defaultConfigurationIsVisible = 0;
			defaultConfigurationName = Release;
		};
		56FF25FE2792F170006299A4 /* Build configuration list for PBXNativeTarget "ChrisCardUITests" */ = {
			isa = XCConfigurationList;
			buildConfigurations = (
				56FF25FF2792F170006299A4 /* Debug */,
				56FF26002792F170006299A4 /* Release */,
			);
			defaultConfigurationIsVisible = 0;
			defaultConfigurationName = Release;
		};
/* End XCConfigurationList section */
	};
	rootObject = 56FF25CC2792F16D006299A4 /* Project object */;
}
